
Microsoft Visual Studio Solution File, Format Version 12.00
# Visual Studio Version 16
VisualStudioVersion = 16.0.31729.503
MinimumVisualStudioVersion = 10.0.40219.1
Project("{9A19103F-16F7-4668-BE54-9A1E7A4F7556}") = "QuestRoadBack", "QuestRoadBack.csproj", "{C543256F-50C8-45C3-90EE-62CD5781E169}"
EndProject
Project("{9A19103F-16F7-4668-BE54-9A1E7A4F7556}") = "QuestRoadAuth", "..\WebApplication1\QuestRoadAuth.csproj", "{B160ED2D-C20D-4859-8C34-37EBD61405F5}"
EndProject
Global
	GlobalSection(SolutionConfigurationPlatforms) = preSolution
		Debug|Any CPU = Debug|Any CPU
		Release|Any CPU = Release|Any CPU
	EndGlobalSection
	GlobalSection(ProjectConfigurationPlatforms) = postSolution
		{C543256F-50C8-45C3-90EE-62CD5781E169}.Debug|Any CPU.ActiveCfg = Debug|Any CPU
		{C543256F-50C8-45C3-90EE-62CD5781E169}.Debug|Any CPU.Build.0 = Debug|Any CPU
		{C543256F-50C8-45C3-90EE-62CD5781E169}.Release|Any CPU.ActiveCfg = Release|Any CPU
		{C543256F-50C8-45C3-90EE-62CD5781E169}.Release|Any CPU.Build.0 = Release|Any CPU
		{B160ED2D-C20D-4859-8C34-37EBD61405F5}.Debug|Any CPU.ActiveCfg = Debug|Any CPU
		{B160ED2D-C20D-4859-8C34-37EBD61405F5}.Debug|Any CPU.Build.0 = Debug|Any CPU
		{B160ED2D-C20D-4859-8C34-37EBD61405F5}.Release|Any CPU.ActiveCfg = Release|Any CPU
		{B160ED2D-C20D-4859-8C34-37EBD61405F5}.Release|Any CPU.Build.0 = Release|Any CPU
	EndGlobalSection
	GlobalSection(SolutionProperties) = preSolution
		HideSolutionNode = FALSE
	EndGlobalSection
	GlobalSection(ExtensibilityGlobals) = postSolution
		SolutionGuid = {2BA5C674-7ED3-4AE6-9980-73511890B6E5}
	EndGlobalSection
EndGlobal
